
Microsoft Visual Studio Solution File, Format Version 12.00
# Visual Studio Version 16
VisualStudioVersion = 16.0.31112.23
MinimumVisualStudioVersion = 10.0.40219.1
Project("{FAE04EC0-301F-11D3-BF4B-00C04F79EFBC}") = "DokumanYonetimi", "DokumanYonetimi\DokumanYonetimi.csproj", "{CEBCFF3B-8DE6-44E2-9509-D1339E4D5DC4}"
EndProject
Global
	GlobalSection(SolutionConfigurationPlatforms) = preSolution
		Debug|Any CPU = Debug|Any CPU
		Release|Any CPU = Release|Any CPU
	EndGlobalSection
	GlobalSection(ProjectConfigurationPlatforms) = postSolution
		{CEBCFF3B-8DE6-44E2-9509-D1339E4D5DC4}.Debug|Any CPU.ActiveCfg = Debug|Any CPU
		{CEBCFF3B-8DE6-44E2-9509-D1339E4D5DC4}.Debug|Any CPU.Build.0 = Debug|Any CPU
		{CEBCFF3B-8DE6-44E2-9509-D1339E4D5DC4}.Release|Any CPU.ActiveCfg = Release|Any CPU
		{CEBCFF3B-8DE6-44E2-9509-D1339E4D5DC4}.Release|Any CPU.Build.0 = Release|Any CPU
	EndGlobalSection
	GlobalSection(SolutionProperties) = preSolution
		HideSolutionNode = FALSE
	EndGlobalSection
	GlobalSection(ExtensibilityGlobals) = postSolution
		SolutionGuid = {0A34BEBF-C371-4465-8C9E-F9C86A58F659}
	EndGlobalSection
EndGlobal
